{
  "name": "paper",
  "version": "0.12.0",
  "lockfileVersion": 1,
  "requires": true,
  "dependencies": {
    "straps": {
      "version": "3.0.1",
      "resolved": "https://registry.npmjs.org/straps/-/straps-3.0.1.tgz",
      "integrity": "sha1-PXbh0riUQhvVmS41eEph0oqQpdM=",
      "dev": true
    }
  }
}
